
Microsoft Visual Studio Solution File, Format Version 12.00
# Visual Studio Version 17
VisualStudioVersion = 17.5.33627.172
MinimumVisualStudioVersion = 10.0.40219.1
Project("{9A19103F-16F7-4668-BE54-9A1E7A4F7556}") = "AGVSHotrun", "AGVSHotrun\AGVSHotrun.csproj", "{AB772E1C-04F9-44F2-A292-F605F428B35F}"
EndProject
Project("{9A19103F-16F7-4668-BE54-9A1E7A4F7556}") = "AGVSystemCommonNet6", "..\AGVSystemCommonNet6\AGVSystemCommonNet6.csproj", "{3C089078-5EA5-4025-ABAD-4706AE78806A}"
EndProject
Global
	GlobalSection(SolutionConfigurationPlatforms) = preSolution
		Debug|Any CPU = Debug|Any CPU
		Release|Any CPU = Release|Any CPU
	EndGlobalSection
	GlobalSection(ProjectConfigurationPlatforms) = postSolution
		{AB772E1C-04F9-44F2-A292-F605F428B35F}.Debug|Any CPU.ActiveCfg = Debug|Any CPU
		{AB772E1C-04F9-44F2-A292-F605F428B35F}.Debug|Any CPU.Build.0 = Debug|Any CPU
		{AB772E1C-04F9-44F2-A292-F605F428B35F}.Release|Any CPU.ActiveCfg = Release|Any CPU
		{AB772E1C-04F9-44F2-A292-F605F428B35F}.Release|Any CPU.Build.0 = Release|Any CPU
		{3C089078-5EA5-4025-ABAD-4706AE78806A}.Debug|Any CPU.ActiveCfg = Debug|Any CPU
		{3C089078-5EA5-4025-ABAD-4706AE78806A}.Debug|Any CPU.Build.0 = Debug|Any CPU
		{3C089078-5EA5-4025-ABAD-4706AE78806A}.Release|Any CPU.ActiveCfg = Release|Any CPU
		{3C089078-5EA5-4025-ABAD-4706AE78806A}.Release|Any CPU.Build.0 = Release|Any CPU
	EndGlobalSection
	GlobalSection(SolutionProperties) = preSolution
		HideSolutionNode = FALSE
	EndGlobalSection
	GlobalSection(ExtensibilityGlobals) = postSolution
		SolutionGuid = {923B3B69-A0FD-4689-B423-4B4764D62EB6}
	EndGlobalSection
EndGlobal
